# This file is automatically @generated by Cargo.
# It is not intended for manual editing.
version = 4

[[package]]
name = "l01_helloWorld"
version = "0.1.0"

[[package]]
name = "l02_variables"
version = "0.1.0"

[[package]]
name = "l03_condicionalesYCiclos"
version = "0.1.0"

[[package]]
name = "l04_manejoDeErrores"
version = "0.1.0"
