# This file is automatically @generated by Cargo.
# It is not intended for manual editing.
version = 4

[[package]]
name = "l01_helloWorld"
version = "0.1.0"

[[package]]
name = "l02_variables"
version = "0.1.0"

[[package]]
name = "l03_condicionalesYCiclos"
version = "0.1.0"

[[package]]
name = "l04_manejoDeErrores"
version = "0.1.0"

[[package]]
name = "l05_inputDesdeTeclado"
version = "0.1.0"

[[package]]
name = "libm"
version = "0.2.15"
source = "registry+https://github.com/rust-lang/crates.io-index"
checksum = "f9fbbcab51052fe104eb5e5d351cf728d30a5be1fe14d9be8a3b097481fb97de"

[[package]]
name = "p01"
version = "0.1.0"

[[package]]
name = "p017"
version = "0.1.0"
dependencies = [
 "util",
]

[[package]]
name = "p018"
version = "0.1.0"
dependencies = [
 "util",
]

[[package]]
name = "p019"
version = "0.1.0"
dependencies = [
 "util",
]

[[package]]
name = "p02"
version = "0.1.0"

[[package]]
name = "p020"
version = "0.1.0"
dependencies = [
 "util",
]

[[package]]
name = "p021"
version = "0.1.0"
dependencies = [
 "util",
]

[[package]]
name = "p022"
version = "0.1.0"
dependencies = [
 "util",
]

[[package]]
name = "p023"
version = "0.1.0"
dependencies = [
 "util",
]

[[package]]
name = "p024"
version = "0.1.0"
dependencies = [
 "util",
]

[[package]]
name = "p03"
version = "0.1.0"

[[package]]
name = "p04"
version = "0.1.0"

[[package]]
name = "p05"
version = "0.1.0"
dependencies = [
 "util",
]

[[package]]
name = "p06"
version = "0.1.0"
dependencies = [
 "util",
]

[[package]]
name = "p07"
version = "0.1.0"
dependencies = [
 "util",
]

[[package]]
name = "p08"
version = "0.1.0"
dependencies = [
 "util",
]

[[package]]
name = "p09"
version = "0.1.0"
dependencies = [
 "util",
]

[[package]]
name = "p10"
version = "0.1.0"
dependencies = [
 "util",
]

[[package]]
name = "p11"
version = "0.1.0"
dependencies = [
 "libm",
 "util",
]

[[package]]
name = "p12"
version = "0.1.0"
dependencies = [
 "util",
]

[[package]]
name = "p13"
version = "0.1.0"
dependencies = [
 "util",
]

[[package]]
name = "p14"
version = "0.1.0"
dependencies = [
 "util",
]

[[package]]
name = "p15"
version = "0.1.0"

[[package]]
name = "p16"
version = "0.1.0"
dependencies = [
 "util",
]

[[package]]
name = "util"
version = "0.1.0"
